
Microsoft Visual Studio Solution File, Format Version 12.00
# Visual Studio Version 17
VisualStudioVersion = 17.0.31903.59
MinimumVisualStudioVersion = 10.0.40219.1
Project("{2150E333-8FDC-42A3-9474-1A3956D46DE8}") = "src", "src", "{827E0CD3-B72D-47B6-A68D-7590B98EB39B}"
EndProject
Project("{FAE04EC0-301F-11D3-BF4B-00C04F79EFBC}") = "BlogApp.Domain", "src\BlogApp.Domain\BlogApp.Domain.csproj", "{C923FE55-EE64-445A-B672-99A2FE573E30}"
EndProject
Project("{FAE04EC0-301F-11D3-BF4B-00C04F79EFBC}") = "BlogApp.Infrastructure", "src\BlogApp.Infrastructure\BlogApp.Infrastructure.csproj", "{0C9E7E72-02C0-490A-9F99-E993874B5D06}"
EndProject
Project("{FAE04EC0-301F-11D3-BF4B-00C04F79EFBC}") = "BlogApp.Web", "src\BlogApp.Web\BlogApp.Web.csproj", "{96C61F89-5E01-4111-9E17-B32B4ABA27C6}"
EndProject
Project("{2150E333-8FDC-42A3-9474-1A3956D46DE8}") = "tests", "tests", "{0AB3BF05-4346-4AA6-1389-037BE0695223}"
EndProject
Project("{FAE04EC0-301F-11D3-BF4B-00C04F79EFBC}") = "BlogApp.Tests", "tests\BlogApp.Tests\BlogApp.Tests.csproj", "{C0B88A0F-826B-41BA-A59D-ACE525E793CA}"
EndProject
Global
	GlobalSection(SolutionConfigurationPlatforms) = preSolution
		Debug|Any CPU = Debug|Any CPU
		Debug|x64 = Debug|x64
		Debug|x86 = Debug|x86
		Release|Any CPU = Release|Any CPU
		Release|x64 = Release|x64
		Release|x86 = Release|x86
	EndGlobalSection
	GlobalSection(ProjectConfigurationPlatforms) = postSolution
		{C923FE55-EE64-445A-B672-99A2FE573E30}.Debug|Any CPU.ActiveCfg = Debug|Any CPU
		{C923FE55-EE64-445A-B672-99A2FE573E30}.Debug|Any CPU.Build.0 = Debug|Any CPU
		{C923FE55-EE64-445A-B672-99A2FE573E30}.Debug|x64.ActiveCfg = Debug|Any CPU
		{C923FE55-EE64-445A-B672-99A2FE573E30}.Debug|x64.Build.0 = Debug|Any CPU
		{C923FE55-EE64-445A-B672-99A2FE573E30}.Debug|x86.ActiveCfg = Debug|Any CPU
		{C923FE55-EE64-445A-B672-99A2FE573E30}.Debug|x86.Build.0 = Debug|Any CPU
		{C923FE55-EE64-445A-B672-99A2FE573E30}.Release|Any CPU.ActiveCfg = Release|Any CPU
		{C923FE55-EE64-445A-B672-99A2FE573E30}.Release|Any CPU.Build.0 = Release|Any CPU
		{C923FE55-EE64-445A-B672-99A2FE573E30}.Release|x64.ActiveCfg = Release|Any CPU
		{C923FE55-EE64-445A-B672-99A2FE573E30}.Release|x64.Build.0 = Release|Any CPU
		{C923FE55-EE64-445A-B672-99A2FE573E30}.Release|x86.ActiveCfg = Release|Any CPU
		{C923FE55-EE64-445A-B672-99A2FE573E30}.Release|x86.Build.0 = Release|Any CPU
		{0C9E7E72-02C0-490A-9F99-E993874B5D06}.Debug|Any CPU.ActiveCfg = Debug|Any CPU
		{0C9E7E72-02C0-490A-9F99-E993874B5D06}.Debug|Any CPU.Build.0 = Debug|Any CPU
		{0C9E7E72-02C0-490A-9F99-E993874B5D06}.Debug|x64.ActiveCfg = Debug|Any CPU
		{0C9E7E72-02C0-490A-9F99-E993874B5D06}.Debug|x64.Build.0 = Debug|Any CPU
		{0C9E7E72-02C0-490A-9F99-E993874B5D06}.Debug|x86.ActiveCfg = Debug|Any CPU
		{0C9E7E72-02C0-490A-9F99-E993874B5D06}.Debug|x86.Build.0 = Debug|Any CPU
		{0C9E7E72-02C0-490A-9F99-E993874B5D06}.Release|Any CPU.ActiveCfg = Release|Any CPU
		{0C9E7E72-02C0-490A-9F99-E993874B5D06}.Release|Any CPU.Build.0 = Release|Any CPU
		{0C9E7E72-02C0-490A-9F99-E993874B5D06}.Release|x64.ActiveCfg = Release|Any CPU
		{0C9E7E72-02C0-490A-9F99-E993874B5D06}.Release|x64.Build.0 = Release|Any CPU
		{0C9E7E72-02C0-490A-9F99-E993874B5D06}.Release|x86.ActiveCfg = Release|Any CPU
		{0C9E7E72-02C0-490A-9F99-E993874B5D06}.Release|x86.Build.0 = Release|Any CPU
		{96C61F89-5E01-4111-9E17-B32B4ABA27C6}.Debug|Any CPU.ActiveCfg = Debug|Any CPU
		{96C61F89-5E01-4111-9E17-B32B4ABA27C6}.Debug|Any CPU.Build.0 = Debug|Any CPU
		{96C61F89-5E01-4111-9E17-B32B4ABA27C6}.Debug|x64.ActiveCfg = Debug|Any CPU
		{96C61F89-5E01-4111-9E17-B32B4ABA27C6}.Debug|x64.Build.0 = Debug|Any CPU
		{96C61F89-5E01-4111-9E17-B32B4ABA27C6}.Debug|x86.ActiveCfg = Debug|Any CPU
		{96C61F89-5E01-4111-9E17-B32B4ABA27C6}.Debug|x86.Build.0 = Debug|Any CPU
		{96C61F89-5E01-4111-9E17-B32B4ABA27C6}.Release|Any CPU.ActiveCfg = Release|Any CPU
		{96C61F89-5E01-4111-9E17-B32B4ABA27C6}.Release|Any CPU.Build.0 = Release|Any CPU
		{96C61F89-5E01-4111-9E17-B32B4ABA27C6}.Release|x64.ActiveCfg = Release|Any CPU
		{96C61F89-5E01-4111-9E17-B32B4ABA27C6}.Release|x64.Build.0 = Release|Any CPU
		{96C61F89-5E01-4111-9E17-B32B4ABA27C6}.Release|x86.ActiveCfg = Release|Any CPU
		{96C61F89-5E01-4111-9E17-B32B4ABA27C6}.Release|x86.Build.0 = Release|Any CPU
		{C0B88A0F-826B-41BA-A59D-ACE525E793CA}.Debug|Any CPU.ActiveCfg = Debug|Any CPU
		{C0B88A0F-826B-41BA-A59D-ACE525E793CA}.Debug|Any CPU.Build.0 = Debug|Any CPU
		{C0B88A0F-826B-41BA-A59D-ACE525E793CA}.Debug|x64.ActiveCfg = Debug|Any CPU
		{C0B88A0F-826B-41BA-A59D-ACE525E793CA}.Debug|x64.Build.0 = Debug|Any CPU
		{C0B88A0F-826B-41BA-A59D-ACE525E793CA}.Debug|x86.ActiveCfg = Debug|Any CPU
		{C0B88A0F-826B-41BA-A59D-ACE525E793CA}.Debug|x86.Build.0 = Debug|Any CPU
		{C0B88A0F-826B-41BA-A59D-ACE525E793CA}.Release|Any CPU.ActiveCfg = Release|Any CPU
		{C0B88A0F-826B-41BA-A59D-ACE525E793CA}.Release|Any CPU.Build.0 = Release|Any CPU
		{C0B88A0F-826B-41BA-A59D-ACE525E793CA}.Release|x64.ActiveCfg = Release|Any CPU
		{C0B88A0F-826B-41BA-A59D-ACE525E793CA}.Release|x64.Build.0 = Release|Any CPU
		{C0B88A0F-826B-41BA-A59D-ACE525E793CA}.Release|x86.ActiveCfg = Release|Any CPU
		{C0B88A0F-826B-41BA-A59D-ACE525E793CA}.Release|x86.Build.0 = Release|Any CPU
	EndGlobalSection
	GlobalSection(SolutionProperties) = preSolution
		HideSolutionNode = FALSE
	EndGlobalSection
	GlobalSection(NestedProjects) = preSolution
		{C923FE55-EE64-445A-B672-99A2FE573E30} = {827E0CD3-B72D-47B6-A68D-7590B98EB39B}
		{0C9E7E72-02C0-490A-9F99-E993874B5D06} = {827E0CD3-B72D-47B6-A68D-7590B98EB39B}
		{96C61F89-5E01-4111-9E17-B32B4ABA27C6} = {827E0CD3-B72D-47B6-A68D-7590B98EB39B}
		{C0B88A0F-826B-41BA-A59D-ACE525E793CA} = {0AB3BF05-4346-4AA6-1389-037BE0695223}
	EndGlobalSection
EndGlobal
